
Microsoft Visual Studio Solution File, Format Version 12.00
# Visual Studio Version 17
VisualStudioVersion = 17.5.33530.505
MinimumVisualStudioVersion = 10.0.40219.1
Project("{FAE04EC0-301F-11D3-BF4B-00C04F79EFBC}") = "SKOBI", "SKOBI\SKOBI.csproj", "{719EEB90-0CB5-4C31-AA79-083E07DAEF18}"
EndProject
Global
	GlobalSection(SolutionConfigurationPlatforms) = preSolution
		Debug|Any CPU = Debug|Any CPU
		Release|Any CPU = Release|Any CPU
	EndGlobalSection
	GlobalSection(ProjectConfigurationPlatforms) = postSolution
		{719EEB90-0CB5-4C31-AA79-083E07DAEF18}.Debug|Any CPU.ActiveCfg = Debug|Any CPU
		{719EEB90-0CB5-4C31-AA79-083E07DAEF18}.Debug|Any CPU.Build.0 = Debug|Any CPU
		{719EEB90-0CB5-4C31-AA79-083E07DAEF18}.Release|Any CPU.ActiveCfg = Release|Any CPU
		{719EEB90-0CB5-4C31-AA79-083E07DAEF18}.Release|Any CPU.Build.0 = Release|Any CPU
	EndGlobalSection
	GlobalSection(SolutionProperties) = preSolution
		HideSolutionNode = FALSE
	EndGlobalSection
	GlobalSection(ExtensibilityGlobals) = postSolution
		SolutionGuid = {B4426A7F-1932-43A6-BCB3-EBA928203B1A}
	EndGlobalSection
EndGlobal
